
Microsoft Visual Studio Solution File, Format Version 12.00
# Visual Studio Version 17
VisualStudioVersion = 17.10.35122.118
MinimumVisualStudioVersion = 10.0.40219.1
Project("{FAE04EC0-301F-11D3-BF4B-00C04F79EFBC}") = "UtilityToCreateMassiveSampleData", "UtilityToCreateMassiveSampleData\UtilityToCreateMassiveSampleData.csproj", "{280F8490-AC9D-48A0-9F05-14195B54B2A5}"
EndProject
Global
	GlobalSection(SolutionConfigurationPlatforms) = preSolution
		Debug|Any CPU = Debug|Any CPU
		Release|Any CPU = Release|Any CPU
	EndGlobalSection
	GlobalSection(ProjectConfigurationPlatforms) = postSolution
		{280F8490-AC9D-48A0-9F05-14195B54B2A5}.Debug|Any CPU.ActiveCfg = Debug|Any CPU
		{280F8490-AC9D-48A0-9F05-14195B54B2A5}.Debug|Any CPU.Build.0 = Debug|Any CPU
		{280F8490-AC9D-48A0-9F05-14195B54B2A5}.Release|Any CPU.ActiveCfg = Release|Any CPU
		{280F8490-AC9D-48A0-9F05-14195B54B2A5}.Release|Any CPU.Build.0 = Release|Any CPU
	EndGlobalSection
	GlobalSection(SolutionProperties) = preSolution
		HideSolutionNode = FALSE
	EndGlobalSection
	GlobalSection(ExtensibilityGlobals) = postSolution
		SolutionGuid = {DC6C4ECB-6063-4727-908B-D548B7F101A3}
	EndGlobalSection
EndGlobal
