
Microsoft Visual Studio Solution File, Format Version 12.00
# Visual Studio Version 17
VisualStudioVersion = 17.10.35122.118
MinimumVisualStudioVersion = 10.0.40219.1
Project("{FAE04EC0-301F-11D3-BF4B-00C04F79EFBC}") = "RealStateCompanyProjectAPIREST", "RealStateCompanyProjectAPIREST\RealStateCompanyProjectAPIREST.csproj", "{9EC78D41-5F6D-4873-8694-C09D98C83D80}"
EndProject
Global
	GlobalSection(SolutionConfigurationPlatforms) = preSolution
		Debug|Any CPU = Debug|Any CPU
		Release|Any CPU = Release|Any CPU
	EndGlobalSection
	GlobalSection(ProjectConfigurationPlatforms) = postSolution
		{9EC78D41-5F6D-4873-8694-C09D98C83D80}.Debug|Any CPU.ActiveCfg = Debug|Any CPU
		{9EC78D41-5F6D-4873-8694-C09D98C83D80}.Debug|Any CPU.Build.0 = Debug|Any CPU
		{9EC78D41-5F6D-4873-8694-C09D98C83D80}.Release|Any CPU.ActiveCfg = Release|Any CPU
		{9EC78D41-5F6D-4873-8694-C09D98C83D80}.Release|Any CPU.Build.0 = Release|Any CPU
	EndGlobalSection
	GlobalSection(SolutionProperties) = preSolution
		HideSolutionNode = FALSE
	EndGlobalSection
	GlobalSection(ExtensibilityGlobals) = postSolution
		SolutionGuid = {57D67A6F-27D9-4477-9EA7-4BAB1EB578BC}
	EndGlobalSection
EndGlobal
